PODS:
  - Google-AdMob-Ads-SDK (6.8.0)
  - GoogleAnalytics-iOS-SDK (3.0.6)
  - PBFlatUI (1.1.0)
  - UMeng (2.2.1)

DEPENDENCIES:
  - Google-AdMob-Ads-SDK (~> 6.8.0)
  - GoogleAnalytics-iOS-SDK (~> 3.0.6)
  - PBFlatUI (~> 1.1.0)
  - UMeng (~> 2.2.0)

SPEC CHECKSUMS:
  Google-AdMob-Ads-SDK: e8bacbb6cd42a8d9ca6924745f88a96088a46eec
  GoogleAnalytics-iOS-SDK: 16dfcc0c4491148bf372edc85a8470cc405ffb72
  PBFlatUI: 17b80f917881dfd02cf4851af6888d258912261a
  UMeng: 92e00182966f7db39313f7054ae5aca95879726c

COCOAPODS: 0.32.1
